
Microsoft Visual Studio Solution File, Format Version 12.00
# Visual Studio 14
VisualStudioVersion = 14.0.25123.0
MinimumVisualStudioVersion = 10.0.40219.1
Project("{FAE04EC0-301F-11D3-BF4B-00C04F79EFBC}") = "RandomMaster", "RandomMaster\RandomMaster.csproj", "{205B14FA-C509-4983-BAC4-2A6CB47C2287}"
	ProjectSection(ProjectDependencies) = postProject
		{66072225-847A-4051-8AE5-907B756DA3E5} = {66072225-847A-4051-8AE5-907B756DA3E5}
		{5CF8C2DE-A477-4699-B984-DA56E1B7A210} = {5CF8C2DE-A477-4699-B984-DA56E1B7A210}
	EndProjectSection
EndProject
Project("{FAE04EC0-301F-11D3-BF4B-00C04F79EFBC}") = "RandomMasterLib", "RandomMasterLib\RandomMasterLib.csproj", "{66072225-847A-4051-8AE5-907B756DA3E5}"
EndProject
Project("{FAE04EC0-301F-11D3-BF4B-00C04F79EFBC}") = "RandomMasterService", "RandomMasterService\RandomMasterService.csproj", "{5CF8C2DE-A477-4699-B984-DA56E1B7A210}"
EndProject
Global
	GlobalSection(SolutionConfigurationPlatforms) = preSolution
		Debug|Any CPU = Debug|Any CPU
		Debug|ARM = Debug|ARM
		Debug|x64 = Debug|x64
		Debug|x86 = Debug|x86
		Release|Any CPU = Release|Any CPU
		Release|ARM = Release|ARM
		Release|x64 = Release|x64
		Release|x86 = Release|x86
	EndGlobalSection
	GlobalSection(ProjectConfigurationPlatforms) = postSolution
		{205B14FA-C509-4983-BAC4-2A6CB47C2287}.Debug|Any CPU.ActiveCfg = Debug|x86
		{205B14FA-C509-4983-BAC4-2A6CB47C2287}.Debug|ARM.ActiveCfg = Debug|ARM
		{205B14FA-C509-4983-BAC4-2A6CB47C2287}.Debug|ARM.Build.0 = Debug|ARM
		{205B14FA-C509-4983-BAC4-2A6CB47C2287}.Debug|ARM.Deploy.0 = Debug|ARM
		{205B14FA-C509-4983-BAC4-2A6CB47C2287}.Debug|x64.ActiveCfg = Debug|x64
		{205B14FA-C509-4983-BAC4-2A6CB47C2287}.Debug|x64.Build.0 = Debug|x64
		{205B14FA-C509-4983-BAC4-2A6CB47C2287}.Debug|x64.Deploy.0 = Debug|x64
		{205B14FA-C509-4983-BAC4-2A6CB47C2287}.Debug|x86.ActiveCfg = Debug|x86
		{205B14FA-C509-4983-BAC4-2A6CB47C2287}.Debug|x86.Build.0 = Debug|x86
		{205B14FA-C509-4983-BAC4-2A6CB47C2287}.Debug|x86.Deploy.0 = Debug|x86
		{205B14FA-C509-4983-BAC4-2A6CB47C2287}.Release|Any CPU.ActiveCfg = Release|x86
		{205B14FA-C509-4983-BAC4-2A6CB47C2287}.Release|ARM.ActiveCfg = Release|ARM
		{205B14FA-C509-4983-BAC4-2A6CB47C2287}.Release|ARM.Build.0 = Release|ARM
		{205B14FA-C509-4983-BAC4-2A6CB47C2287}.Release|ARM.Deploy.0 = Release|ARM
		{205B14FA-C509-4983-BAC4-2A6CB47C2287}.Release|x64.ActiveCfg = Release|x64
		{205B14FA-C509-4983-BAC4-2A6CB47C2287}.Release|x64.Build.0 = Release|x64
		{205B14FA-C509-4983-BAC4-2A6CB47C2287}.Release|x64.Deploy.0 = Release|x64
		{205B14FA-C509-4983-BAC4-2A6CB47C2287}.Release|x86.ActiveCfg = Release|x86
		{205B14FA-C509-4983-BAC4-2A6CB47C2287}.Release|x86.Build.0 = Release|x86
		{205B14FA-C509-4983-BAC4-2A6CB47C2287}.Release|x86.Deploy.0 = Release|x86
		{66072225-847A-4051-8AE5-907B756DA3E5}.Debug|Any CPU.ActiveCfg = Debug|Any CPU
		{66072225-847A-4051-8AE5-907B756DA3E5}.Debug|Any CPU.Build.0 = Debug|Any CPU
		{66072225-847A-4051-8AE5-907B756DA3E5}.Debug|ARM.ActiveCfg = Debug|ARM
		{66072225-847A-4051-8AE5-907B756DA3E5}.Debug|ARM.Build.0 = Debug|ARM
		{66072225-847A-4051-8AE5-907B756DA3E5}.Debug|x64.ActiveCfg = Debug|x64
		{66072225-847A-4051-8AE5-907B756DA3E5}.Debug|x64.Build.0 = Debug|x64
		{66072225-847A-4051-8AE5-907B756DA3E5}.Debug|x86.ActiveCfg = Debug|x86
		{66072225-847A-4051-8AE5-907B756DA3E5}.Debug|x86.Build.0 = Debug|x86
		{66072225-847A-4051-8AE5-907B756DA3E5}.Release|Any CPU.ActiveCfg = Release|Any CPU
		{66072225-847A-4051-8AE5-907B756DA3E5}.Release|Any CPU.Build.0 = Release|Any CPU
		{66072225-847A-4051-8AE5-907B756DA3E5}.Release|ARM.ActiveCfg = Release|ARM
		{66072225-847A-4051-8AE5-907B756DA3E5}.Release|ARM.Build.0 = Release|ARM
		{66072225-847A-4051-8AE5-907B756DA3E5}.Release|x64.ActiveCfg = Release|x64
		{66072225-847A-4051-8AE5-907B756DA3E5}.Release|x64.Build.0 = Release|x64
		{66072225-847A-4051-8AE5-907B756DA3E5}.Release|x86.ActiveCfg = Release|x86
		{66072225-847A-4051-8AE5-907B756DA3E5}.Release|x86.Build.0 = Release|x86
		{5CF8C2DE-A477-4699-B984-DA56E1B7A210}.Debug|Any CPU.ActiveCfg = Debug|Any CPU
		{5CF8C2DE-A477-4699-B984-DA56E1B7A210}.Debug|Any CPU.Build.0 = Debug|Any CPU
		{5CF8C2DE-A477-4699-B984-DA56E1B7A210}.Debug|ARM.ActiveCfg = Debug|ARM
		{5CF8C2DE-A477-4699-B984-DA56E1B7A210}.Debug|ARM.Build.0 = Debug|ARM
		{5CF8C2DE-A477-4699-B984-DA56E1B7A210}.Debug|x64.ActiveCfg = Debug|x64
		{5CF8C2DE-A477-4699-B984-DA56E1B7A210}.Debug|x64.Build.0 = Debug|x64
		{5CF8C2DE-A477-4699-B984-DA56E1B7A210}.Debug|x86.ActiveCfg = Debug|x86
		{5CF8C2DE-A477-4699-B984-DA56E1B7A210}.Debug|x86.Build.0 = Debug|x86
		{5CF8C2DE-A477-4699-B984-DA56E1B7A210}.Release|Any CPU.ActiveCfg = Release|Any CPU
		{5CF8C2DE-A477-4699-B984-DA56E1B7A210}.Release|Any CPU.Build.0 = Release|Any CPU
		{5CF8C2DE-A477-4699-B984-DA56E1B7A210}.Release|ARM.ActiveCfg = Release|ARM
		{5CF8C2DE-A477-4699-B984-DA56E1B7A210}.Release|ARM.Build.0 = Release|ARM
		{5CF8C2DE-A477-4699-B984-DA56E1B7A210}.Release|x64.ActiveCfg = Release|x64
		{5CF8C2DE-A477-4699-B984-DA56E1B7A210}.Release|x64.Build.0 = Release|x64
		{5CF8C2DE-A477-4699-B984-DA56E1B7A210}.Release|x86.ActiveCfg = Release|x86
		{5CF8C2DE-A477-4699-B984-DA56E1B7A210}.Release|x86.Build.0 = Release|x86
	EndGlobalSection
	GlobalSection(SolutionProperties) = preSolution
		HideSolutionNode = FALSE
	EndGlobalSection
	GlobalSection(TeamFoundationVersionControl) = preSolution
		SccNumberOfProjects = 4
		SccEnterpriseProvider = {4CA58AB2-18FA-4F8D-95D4-32DDF27D184C}
		SccTeamFoundationServer = https://botmanjl.visualstudio.com/defaultcollection
		SccLocalPath0 = .
		SccProjectUniqueName1 = RandomMaster\\RandomMaster.csproj
		SccProjectName1 = RandomMaster
		SccLocalPath1 = RandomMaster
		SccProjectUniqueName2 = RandomMasterLib\\RandomMasterLib.csproj
		SccProjectName2 = RandomMasterLib
		SccLocalPath2 = RandomMasterLib
		SccProjectUniqueName3 = RandomMasterService\\RandomMasterService.csproj
		SccProjectName3 = RandomMasterService
		SccLocalPath3 = RandomMasterService
	EndGlobalSection
EndGlobal
